
Microsoft Visual Studio Solution File, Format Version 12.00
# Visual Studio 15
Project("{FAE04EC0-301F-11D3-BF4B-00C04F79EFBC}") = "WorkshopBelgrade", "WorkshopBelgrade.csproj", "{3A0D56B1-3768-3AB9-8AC6-95C0459AB5AD}"
EndProject
Project("{FAE04EC0-301F-11D3-BF4B-00C04F79EFBC}") = "WorkshopBelgrade.Editor", "WorkshopBelgrade.Editor.csproj", "{E5CDA10B-ED9F-40A2-2291-68794418B001}"
EndProject
Project("{FAE04EC0-301F-11D3-BF4B-00C04F79EFBC}") = "WorkshopBelgradeTests", "WorkshopBelgradeTests\WorkshopBelgradeTests.csproj", "{F5130291-D977-4764-9819-477B315C0FA8}"
EndProject
Global
	GlobalSection(SolutionConfigurationPlatforms) = preSolution
		Debug|Any CPU = Debug|Any CPU
		Release|Any CPU = Release|Any CPU
	EndGlobalSection
	GlobalSection(ProjectConfigurationPlatforms) = postSolution
		{3A0D56B1-3768-3AB9-8AC6-95C0459AB5AD}.Debug|Any CPU.ActiveCfg = Debug|Any CPU
		{3A0D56B1-3768-3AB9-8AC6-95C0459AB5AD}.Debug|Any CPU.Build.0 = Debug|Any CPU
		{3A0D56B1-3768-3AB9-8AC6-95C0459AB5AD}.Release|Any CPU.ActiveCfg = Release|Any CPU
		{3A0D56B1-3768-3AB9-8AC6-95C0459AB5AD}.Release|Any CPU.Build.0 = Release|Any CPU
		{E5CDA10B-ED9F-40A2-2291-68794418B001}.Debug|Any CPU.ActiveCfg = Debug|Any CPU
		{E5CDA10B-ED9F-40A2-2291-68794418B001}.Debug|Any CPU.Build.0 = Debug|Any CPU
		{E5CDA10B-ED9F-40A2-2291-68794418B001}.Release|Any CPU.ActiveCfg = Release|Any CPU
		{E5CDA10B-ED9F-40A2-2291-68794418B001}.Release|Any CPU.Build.0 = Release|Any CPU
		{F5130291-D977-4764-9819-477B315C0FA8}.Debug|Any CPU.ActiveCfg = Debug|Any CPU
		{F5130291-D977-4764-9819-477B315C0FA8}.Debug|Any CPU.Build.0 = Debug|Any CPU
		{F5130291-D977-4764-9819-477B315C0FA8}.Release|Any CPU.ActiveCfg = Release|Any CPU
		{F5130291-D977-4764-9819-477B315C0FA8}.Release|Any CPU.Build.0 = Release|Any CPU
	EndGlobalSection
	GlobalSection(SolutionProperties) = preSolution
		HideSolutionNode = FALSE
	EndGlobalSection
EndGlobal
