
Microsoft Visual Studio Solution File, Format Version 12.00
# Visual Studio 14
VisualStudioVersion = 14.0.25420.1
MinimumVisualStudioVersion = 10.0.40219.1
Project("{FAE04EC0-301F-11D3-BF4B-00C04F79EFBC}") = "WorkshopTest", "WorkshopTest\WorkshopTest.csproj", "{13A45C13-3265-47B8-BC48-A553B569DF55}"
EndProject
Project("{FAE04EC0-301F-11D3-BF4B-00C04F79EFBC}") = "Assembly-CSharp", "C:\Projects\HoloLens\WorkshopBelgrade\App4\GeneratedProjects\UWP\Assembly-CSharp\Assembly-CSharp.csproj", "{13026C8E-AB7D-41AA-922C-132D07ACC388}"
EndProject
Project("{FAE04EC0-301F-11D3-BF4B-00C04F79EFBC}") = "Assembly-CSharp-firstpass", "C:\Projects\HoloLens\WorkshopBelgrade\App4\GeneratedProjects\UWP\Assembly-CSharp-firstpass\Assembly-CSharp-firstpass.csproj", "{895C6737-4B36-4D06-9EA8-0649D9E129E9}"
EndProject
Global
	GlobalSection(SolutionConfigurationPlatforms) = preSolution
		Debug|ARM = Debug|ARM
		Debug|x64 = Debug|x64
		Debug|x86 = Debug|x86
		Master|ARM = Master|ARM
		Master|x64 = Master|x64
		Master|x86 = Master|x86
		Release|ARM = Release|ARM
		Release|x64 = Release|x64
		Release|x86 = Release|x86
	EndGlobalSection
	GlobalSection(ProjectConfigurationPlatforms) = postSolution
		{13A45C13-3265-47B8-BC48-A553B569DF55}.Debug|ARM.ActiveCfg = Debug|ARM
		{13A45C13-3265-47B8-BC48-A553B569DF55}.Debug|ARM.Build.0 = Debug|ARM
		{13A45C13-3265-47B8-BC48-A553B569DF55}.Debug|ARM.Deploy.0 = Debug|ARM
		{13A45C13-3265-47B8-BC48-A553B569DF55}.Debug|x64.ActiveCfg = Debug|x64
		{13A45C13-3265-47B8-BC48-A553B569DF55}.Debug|x64.Build.0 = Debug|x64
		{13A45C13-3265-47B8-BC48-A553B569DF55}.Debug|x64.Deploy.0 = Debug|x64
		{13A45C13-3265-47B8-BC48-A553B569DF55}.Debug|x86.ActiveCfg = Debug|x86
		{13A45C13-3265-47B8-BC48-A553B569DF55}.Debug|x86.Build.0 = Debug|x86
		{13A45C13-3265-47B8-BC48-A553B569DF55}.Debug|x86.Deploy.0 = Debug|x86
		{13A45C13-3265-47B8-BC48-A553B569DF55}.Master|ARM.ActiveCfg = Master|ARM
		{13A45C13-3265-47B8-BC48-A553B569DF55}.Master|ARM.Build.0 = Master|ARM
		{13A45C13-3265-47B8-BC48-A553B569DF55}.Master|ARM.Deploy.0 = Master|ARM
		{13A45C13-3265-47B8-BC48-A553B569DF55}.Master|x64.ActiveCfg = Master|x64
		{13A45C13-3265-47B8-BC48-A553B569DF55}.Master|x64.Build.0 = Master|x64
		{13A45C13-3265-47B8-BC48-A553B569DF55}.Master|x64.Deploy.0 = Master|x64
		{13A45C13-3265-47B8-BC48-A553B569DF55}.Master|x86.ActiveCfg = Master|x86
		{13A45C13-3265-47B8-BC48-A553B569DF55}.Master|x86.Build.0 = Master|x86
		{13A45C13-3265-47B8-BC48-A553B569DF55}.Master|x86.Deploy.0 = Master|x86
		{13A45C13-3265-47B8-BC48-A553B569DF55}.Release|ARM.ActiveCfg = Release|ARM
		{13A45C13-3265-47B8-BC48-A553B569DF55}.Release|ARM.Build.0 = Release|ARM
		{13A45C13-3265-47B8-BC48-A553B569DF55}.Release|ARM.Deploy.0 = Release|ARM
		{13A45C13-3265-47B8-BC48-A553B569DF55}.Release|x64.ActiveCfg = Release|x64
		{13A45C13-3265-47B8-BC48-A553B569DF55}.Release|x64.Build.0 = Release|x64
		{13A45C13-3265-47B8-BC48-A553B569DF55}.Release|x64.Deploy.0 = Release|x64
		{13A45C13-3265-47B8-BC48-A553B569DF55}.Release|x86.ActiveCfg = Release|x86
		{13A45C13-3265-47B8-BC48-A553B569DF55}.Release|x86.Build.0 = Release|x86
		{13A45C13-3265-47B8-BC48-A553B569DF55}.Release|x86.Deploy.0 = Release|x86
		{13026C8E-AB7D-41AA-922C-132D07ACC388}.Debug|ARM.ActiveCfg = Debug|ARM
		{13026C8E-AB7D-41AA-922C-132D07ACC388}.Debug|ARM.Build.0 = Debug|ARM
		{13026C8E-AB7D-41AA-922C-132D07ACC388}.Debug|x64.ActiveCfg = Debug|x64
		{13026C8E-AB7D-41AA-922C-132D07ACC388}.Debug|x64.Build.0 = Debug|x64
		{13026C8E-AB7D-41AA-922C-132D07ACC388}.Debug|x86.ActiveCfg = Debug|x86
		{13026C8E-AB7D-41AA-922C-132D07ACC388}.Debug|x86.Build.0 = Debug|x86
		{13026C8E-AB7D-41AA-922C-132D07ACC388}.Master|ARM.ActiveCfg = Master|ARM
		{13026C8E-AB7D-41AA-922C-132D07ACC388}.Master|ARM.Build.0 = Master|ARM
		{13026C8E-AB7D-41AA-922C-132D07ACC388}.Master|x64.ActiveCfg = Master|x64
		{13026C8E-AB7D-41AA-922C-132D07ACC388}.Master|x64.Build.0 = Master|x64
		{13026C8E-AB7D-41AA-922C-132D07ACC388}.Master|x86.ActiveCfg = Master|x86
		{13026C8E-AB7D-41AA-922C-132D07ACC388}.Master|x86.Build.0 = Master|x86
		{13026C8E-AB7D-41AA-922C-132D07ACC388}.Release|ARM.ActiveCfg = Release|ARM
		{13026C8E-AB7D-41AA-922C-132D07ACC388}.Release|ARM.Build.0 = Release|ARM
		{13026C8E-AB7D-41AA-922C-132D07ACC388}.Release|x64.ActiveCfg = Release|x64
		{13026C8E-AB7D-41AA-922C-132D07ACC388}.Release|x64.Build.0 = Release|x64
		{13026C8E-AB7D-41AA-922C-132D07ACC388}.Release|x86.ActiveCfg = Release|x86
		{13026C8E-AB7D-41AA-922C-132D07ACC388}.Release|x86.Build.0 = Release|x86
		{895C6737-4B36-4D06-9EA8-0649D9E129E9}.Debug|ARM.ActiveCfg = Debug|ARM
		{895C6737-4B36-4D06-9EA8-0649D9E129E9}.Debug|ARM.Build.0 = Debug|ARM
		{895C6737-4B36-4D06-9EA8-0649D9E129E9}.Debug|x64.ActiveCfg = Debug|x64
		{895C6737-4B36-4D06-9EA8-0649D9E129E9}.Debug|x64.Build.0 = Debug|x64
		{895C6737-4B36-4D06-9EA8-0649D9E129E9}.Debug|x86.ActiveCfg = Debug|x86
		{895C6737-4B36-4D06-9EA8-0649D9E129E9}.Debug|x86.Build.0 = Debug|x86
		{895C6737-4B36-4D06-9EA8-0649D9E129E9}.Master|ARM.ActiveCfg = Master|ARM
		{895C6737-4B36-4D06-9EA8-0649D9E129E9}.Master|ARM.Build.0 = Master|ARM
		{895C6737-4B36-4D06-9EA8-0649D9E129E9}.Master|x64.ActiveCfg = Master|x64
		{895C6737-4B36-4D06-9EA8-0649D9E129E9}.Master|x64.Build.0 = Master|x64
		{895C6737-4B36-4D06-9EA8-0649D9E129E9}.Master|x86.ActiveCfg = Master|x86
		{895C6737-4B36-4D06-9EA8-0649D9E129E9}.Master|x86.Build.0 = Master|x86
		{895C6737-4B36-4D06-9EA8-0649D9E129E9}.Release|ARM.ActiveCfg = Release|ARM
		{895C6737-4B36-4D06-9EA8-0649D9E129E9}.Release|ARM.Build.0 = Release|ARM
		{895C6737-4B36-4D06-9EA8-0649D9E129E9}.Release|x64.ActiveCfg = Release|x64
		{895C6737-4B36-4D06-9EA8-0649D9E129E9}.Release|x64.Build.0 = Release|x64
		{895C6737-4B36-4D06-9EA8-0649D9E129E9}.Release|x86.ActiveCfg = Release|x86
		{895C6737-4B36-4D06-9EA8-0649D9E129E9}.Release|x86.Build.0 = Release|x86
	EndGlobalSection
	GlobalSection(SolutionProperties) = preSolution
		HideSolutionNode = FALSE
	EndGlobalSection
EndGlobal
